{
  "requires": true,
  "lockfileVersion": 1,
  "dependencies": {
    "@ng-bootstrap/ng-bootstrap": {
      "version": "6.0.2",
      "resolved": "https://registry.npmjs.org/@ng-bootstrap/ng-bootstrap/-/ng-bootstrap-6.0.2.tgz",
      "integrity": "sha512-8+Dz8GN15zneIA4+mQ7b1j5O+oHsFdhTYQVDGk6eAazHeqrFD0+o8N+pLZL2PZlf98WcHFmXIOqKXrBD8iLl1g=="
    },
    "bootstrap": {
      "version": "4.0.0-beta.2",
      "resolved": "https://registry.npmjs.org/bootstrap/-/bootstrap-4.0.0-beta.2.tgz",
      "integrity": "sha512-DzGtdTlKbrMoGMpz0LigKSqJ+MgtFKxA791PU/q062OlRG0HybNZcTLH7rpDAmLS66Y3esN9yzKHLLbqa5UR3w=="
    }
  }
}
